
Microsoft Visual Studio Solution File, Format Version 12.00
# Visual Studio 15
VisualStudioVersion = 15.0.26730.16
MinimumVisualStudioVersion = 10.0.40219.1
Project("{FAE04EC0-301F-11D3-BF4B-00C04F79EFBC}") = "CalculatorGui", "CalculatorGui\CalculatorGui.csproj", "{E2CBC592-3801-41DD-AEFC-E489340DD05F}"
EndProject
Project("{F2A71F9B-5D33-465A-A702-920D77279786}") = "InterpreterLib", "InterpreterLib\InterpreterLib.fsproj", "{B49D1D2E-E51D-4F47-9AE9-321E50447E4F}"
EndProject
Global
	GlobalSection(SolutionConfigurationPlatforms) = preSolution
		Debug|Any CPU = Debug|Any CPU
		Release|Any CPU = Release|Any CPU
	EndGlobalSection
	GlobalSection(ProjectConfigurationPlatforms) = postSolution
		{E2CBC592-3801-41DD-AEFC-E489340DD05F}.Debug|Any CPU.ActiveCfg = Debug|Any CPU
		{E2CBC592-3801-41DD-AEFC-E489340DD05F}.Debug|Any CPU.Build.0 = Debug|Any CPU
		{E2CBC592-3801-41DD-AEFC-E489340DD05F}.Release|Any CPU.ActiveCfg = Release|Any CPU
		{E2CBC592-3801-41DD-AEFC-E489340DD05F}.Release|Any CPU.Build.0 = Release|Any CPU
		{B49D1D2E-E51D-4F47-9AE9-321E50447E4F}.Debug|Any CPU.ActiveCfg = Debug|Any CPU
		{B49D1D2E-E51D-4F47-9AE9-321E50447E4F}.Debug|Any CPU.Build.0 = Debug|Any CPU
		{B49D1D2E-E51D-4F47-9AE9-321E50447E4F}.Release|Any CPU.ActiveCfg = Release|Any CPU
		{B49D1D2E-E51D-4F47-9AE9-321E50447E4F}.Release|Any CPU.Build.0 = Release|Any CPU
	EndGlobalSection
	GlobalSection(SolutionProperties) = preSolution
		HideSolutionNode = FALSE
	EndGlobalSection
	GlobalSection(ExtensibilityGlobals) = postSolution
		SolutionGuid = {4E4C84A0-9973-4B7F-BEC7-D3E532CA12D1}
	EndGlobalSection
EndGlobal
